
Microsoft Visual Studio Solution File, Format Version 12.00
# Visual Studio Version 17
VisualStudioVersion = 17.6.33829.357
MinimumVisualStudioVersion = 10.0.40219.1
Project("{FAE04EC0-301F-11D3-BF4B-00C04F79EFBC}") = "sesionn", "sesionn.csproj", "{58DCAD3C-55F8-42C3-871D-4EC71B5B4959}"
EndProject
Global
	GlobalSection(SolutionConfigurationPlatforms) = preSolution
		Debug|Any CPU = Debug|Any CPU
		Release|Any CPU = Release|Any CPU
	EndGlobalSection
	GlobalSection(ProjectConfigurationPlatforms) = postSolution
		{58DCAD3C-55F8-42C3-871D-4EC71B5B4959}.Debug|Any CPU.ActiveCfg = Debug|Any CPU
		{58DCAD3C-55F8-42C3-871D-4EC71B5B4959}.Debug|Any CPU.Build.0 = Debug|Any CPU
		{58DCAD3C-55F8-42C3-871D-4EC71B5B4959}.Release|Any CPU.ActiveCfg = Release|Any CPU
		{58DCAD3C-55F8-42C3-871D-4EC71B5B4959}.Release|Any CPU.Build.0 = Release|Any CPU
	EndGlobalSection
	GlobalSection(SolutionProperties) = preSolution
		HideSolutionNode = FALSE
	EndGlobalSection
	GlobalSection(ExtensibilityGlobals) = postSolution
		SolutionGuid = {78D91E5B-CB44-4914-94E0-5ADAD9EC744D}
	EndGlobalSection
EndGlobal
